
Microsoft Visual Studio Solution File, Format Version 12.00
# Visual Studio Version 17
VisualStudioVersion = 17.8.34511.84
MinimumVisualStudioVersion = 10.0.40219.1
Project("{9A19103F-16F7-4668-BE54-9A1E7A4F7556}") = "MusicStoreOfficial", "MusicStoreOfficial\MusicStoreOfficial\MusicStoreOfficial.csproj", "{0178F8AB-64E5-4148-B809-20D1DE036AE5}"
EndProject
Project("{9A19103F-16F7-4668-BE54-9A1E7A4F7556}") = "MusicStoreOfficial.Client", "MusicStoreOfficial\MusicStoreOfficial.Client\MusicStoreOfficial.Client.csproj", "{20C13753-2EC1-45E3-BFB8-25C8BCD3AC72}"
EndProject
Project("{9A19103F-16F7-4668-BE54-9A1E7A4F7556}") = "SharedLibrary", "SharedLibrary\SharedLibrary.csproj", "{362EACA3-450C-4BB9-93C6-AE5579976220}"
EndProject
Global
	GlobalSection(SolutionConfigurationPlatforms) = preSolution
		Debug|Any CPU = Debug|Any CPU
		Release|Any CPU = Release|Any CPU
	EndGlobalSection
	GlobalSection(ProjectConfigurationPlatforms) = postSolution
		{0178F8AB-64E5-4148-B809-20D1DE036AE5}.Debug|Any CPU.ActiveCfg = Debug|Any CPU
		{0178F8AB-64E5-4148-B809-20D1DE036AE5}.Debug|Any CPU.Build.0 = Debug|Any CPU
		{0178F8AB-64E5-4148-B809-20D1DE036AE5}.Release|Any CPU.ActiveCfg = Release|Any CPU
		{0178F8AB-64E5-4148-B809-20D1DE036AE5}.Release|Any CPU.Build.0 = Release|Any CPU
		{20C13753-2EC1-45E3-BFB8-25C8BCD3AC72}.Debug|Any CPU.ActiveCfg = Debug|Any CPU
		{20C13753-2EC1-45E3-BFB8-25C8BCD3AC72}.Debug|Any CPU.Build.0 = Debug|Any CPU
		{20C13753-2EC1-45E3-BFB8-25C8BCD3AC72}.Release|Any CPU.ActiveCfg = Release|Any CPU
		{20C13753-2EC1-45E3-BFB8-25C8BCD3AC72}.Release|Any CPU.Build.0 = Release|Any CPU
		{362EACA3-450C-4BB9-93C6-AE5579976220}.Debug|Any CPU.ActiveCfg = Debug|Any CPU
		{362EACA3-450C-4BB9-93C6-AE5579976220}.Debug|Any CPU.Build.0 = Debug|Any CPU
		{362EACA3-450C-4BB9-93C6-AE5579976220}.Release|Any CPU.ActiveCfg = Release|Any CPU
		{362EACA3-450C-4BB9-93C6-AE5579976220}.Release|Any CPU.Build.0 = Release|Any CPU
	EndGlobalSection
	GlobalSection(SolutionProperties) = preSolution
		HideSolutionNode = FALSE
	EndGlobalSection
	GlobalSection(ExtensibilityGlobals) = postSolution
		SolutionGuid = {8DFC7AD4-EEF6-4161-97A5-19E7E9C50342}
	EndGlobalSection
EndGlobal
